<?xml version="1.0" encoding="utf-8"?>
<Project ToolsVersion="4.0" xmlns="http://schemas.microsoft.com/developer/msbuild/2003">
  <ItemGroup>
    <Filter Include="Source Files">
      <UniqueIdentifier>{4FC737F1-C7A5-4376-A066-2A32D752A2FF}</UniqueIdentifier>
      <Extensions>cpp;c;cc;cxx;def;odl;idl;hpj;bat;asm;asmx</Extensions>
    </Filter>
    <Filter Include="Resource Files">
      <UniqueIdentifier>{67DA6AB6-F800-4c08-8B7A-83BB121AAD01}</UniqueIdentifier>
      <Extensions>rc;ico;cur;bmp;dlg;rc2;rct;bin;rgs;gif;jpg;jpeg;jpe;resx;tiff;tif;png;wav;mfcribbon-ms</Extensions>
    </Filter>
    <Filter Include="Source Files\Rendering">
      <UniqueIdentifier>{85fe18de-5ce0-4d3e-94ae-4d4d39b1e3fa}</UniqueIdentifier>
    </Filter>
    <Filter Include="Source Files\Core">
      <UniqueIdentifier>{c30c1ad3-a3d9-4fa8-b14a-5cbac4d1fdcb}</UniqueIdentifier>
    </Filter>
    <Filter Include="Source Files\Input">
      <UniqueIdentifier>{1974e79f-9d46-4901-903b-768c5b709026}</UniqueIdentifier>
    </Filter>
    <Filter Include="Source Files\IO">
      <UniqueIdentifier>{a4125b0c-7497-47fa-9c34-0d8779aa09cf}</UniqueIdentifier>
    </Filter>
    <Filter Include="Source Files\Rendering\GL">
      <UniqueIdentifier>{ad7a67ae-20f4-46c9-9639-e8aaca5202cc}</UniqueIdentifier>
    </Filter>
    <Filter Include="Source Files\Collada">
      <UniqueIdentifier>{55d9aa70-f965-4263-81a9-dcf53371c91c}</UniqueIdentifier>
    </Filter>
    <Filter Include="Source Files\System">
      <UniqueIdentifier>{b662eb8a-8d3d-45af-b3df-81cef6f0676c}</UniqueIdentifier>
    </Filter>
    <Filter Include="Source Files\System\Win32">
      <UniqueIdentifier>{1c801677-fe90-4073-ba4a-a87d0c3a4eda}</UniqueIdentifier>
    </Filter>
    <Filter Include="Source Files\Rendering\Common">
      <UniqueIdentifier>{d48575d6-3b0d-4530-b8bc-938e09fb6a54}</UniqueIdentifier>
    </Filter>
    <Filter Include="Source Files\Helpers">
      <UniqueIdentifier>{528cb27a-b663-4134-befe-3b3e79494d7f}</UniqueIdentifier>
    </Filter>
    <Filter Include="Source Files\RemoteControl">
      <UniqueIdentifier>{968eb82b-9593-4512-ac0a-e7b6e2c03389}</UniqueIdentifier>
    </Filter>
  </ItemGroup>
  <ItemGroup>
    <None Include="ReadMe.txt" />
  </ItemGroup>
  <ItemGroup>
    <ClInclude Include="..\..\src\System\system.h">
      <Filter>Source Files\System</Filter>
    </ClInclude>
    <ClInclude Include="..\..\src\System\system_win32.h">
      <Filter>Source Files\System</Filter>
    </ClInclude>
    <ClInclude Include="..\..\src\System\Win32\system_win32_impl.h">
      <Filter>Source Files\System\Win32</Filter>
    </ClInclude>
    <ClInclude Include="..\..\src\System\Win32\system_win32_impl_opengl.h">
      <Filter>Source Files\System\Win32</Filter>
    </ClInclude>
    <ClInclude Include="..\..\src\Rendering\Common\GPUVertexBufferBase.h">
      <Filter>Source Files\Rendering\Common</Filter>
    </ClInclude>
    <ClInclude Include="..\..\src\Rendering\Common\RenderingCommon.h">
      <Filter>Source Files\Rendering\Common</Filter>
    </ClInclude>
    <ClInclude Include="..\..\src\Rendering\GL\GLDriver.h">
      <Filter>Source Files\Rendering\GL</Filter>
    </ClInclude>
    <ClInclude Include="..\..\src\Rendering\GL\GLSLProgram.h">
      <Filter>Source Files\Rendering\GL</Filter>
    </ClInclude>
    <ClInclude Include="..\..\src\Rendering\GL\GLSLProgramFwd.hpp">
      <Filter>Source Files\Rendering\GL</Filter>
    </ClInclude>
    <ClInclude Include="..\..\src\Rendering\GL\GLVertexBuffer.h">
      <Filter>Source Files\Rendering\GL</Filter>
    </ClInclude>
    <ClInclude Include="..\..\src\Rendering\GL\GLVertexBufferFwd.hpp">
      <Filter>Source Files\Rendering\GL</Filter>
    </ClInclude>
    <ClInclude Include="..\..\src\Rendering\GPUProgram.h">
      <Filter>Source Files\Rendering</Filter>
    </ClInclude>
    <ClInclude Include="..\..\src\Rendering\GPUProgramFwd.h">
      <Filter>Source Files\Rendering</Filter>
    </ClInclude>
    <ClInclude Include="..\..\src\Rendering\Rendering.h">
      <Filter>Source Files\Rendering</Filter>
    </ClInclude>
    <ClInclude Include="..\..\src\Rendering\VertexBuffer.hpp">
      <Filter>Source Files\Rendering</Filter>
    </ClInclude>
    <ClInclude Include="..\..\src\Rendering\VertexBufferFwd.h">
      <Filter>Source Files\Rendering</Filter>
    </ClInclude>
    <ClInclude Include="..\..\src\RemoteControl\RemoteListener.h">
      <Filter>Source Files\RemoteControl</Filter>
    </ClInclude>
    <ClInclude Include="..\..\src\IO\FileManager.h">
      <Filter>Source Files\IO</Filter>
    </ClInclude>
    <ClInclude Include="..\..\src\Input\IOEvents.h">
      <Filter>Source Files\Input</Filter>
    </ClInclude>
    <ClInclude Include="..\..\src\Helpers\Camera.h">
      <Filter>Source Files\Helpers</Filter>
    </ClInclude>
    <ClInclude Include="..\..\src\Helpers\MeshBuilder.h">
      <Filter>Source Files\Helpers</Filter>
    </ClInclude>
    <ClInclude Include="..\..\src\Core\helpers.h">
      <Filter>Source Files\Core</Filter>
    </ClInclude>
    <ClInclude Include="..\..\src\Core\logger.h">
      <Filter>Source Files\Core</Filter>
    </ClInclude>
    <ClInclude Include="..\..\src\Core\math_types.h">
      <Filter>Source Files\Core</Filter>
    </ClInclude>
    <ClInclude Include="..\..\src\Core\SmartPointers.h">
      <Filter>Source Files\Core</Filter>
    </ClInclude>
    <ClInclude Include="..\..\src\Core\types.h">
      <Filter>Source Files\Core</Filter>
    </ClInclude>
    <ClInclude Include="..\..\src\Collada\Compilation.h">
      <Filter>Source Files\Collada</Filter>
    </ClInclude>
  </ItemGroup>
  <ItemGroup>
    <ClCompile Include="stdafx.cpp">
      <Filter>Source Files</Filter>
    </ClCompile>
    <ClCompile Include="..\..\src\IO\FileManager.cpp">
      <Filter>Source Files\IO</Filter>
    </ClCompile>
    <ClCompile Include="..\..\src\Collada\Compilation.cpp">
      <Filter>Source Files\Collada</Filter>
    </ClCompile>
    <ClCompile Include="..\..\src\Rendering\Rendering.cpp">
      <Filter>Source Files\Rendering</Filter>
    </ClCompile>
    <ClCompile Include="..\..\src\Core\logger.cpp">
      <Filter>Source Files\Core</Filter>
    </ClCompile>
    <ClCompile Include="..\..\src\System\system_win32.cpp">
      <Filter>Source Files\System</Filter>
    </ClCompile>
    <ClCompile Include="..\..\src\System\Win32\system_win32_impl.cpp">
      <Filter>Source Files\System\Win32</Filter>
    </ClCompile>
    <ClCompile Include="..\..\src\Rendering\GPUVertexBufferBase.cpp">
      <Filter>Source Files\Rendering\Common</Filter>
    </ClCompile>
    <ClCompile Include="..\..\src\Helpers\Camera.cpp">
      <Filter>Source Files\Helpers</Filter>
    </ClCompile>
    <ClCompile Include="..\..\src\Helpers\MeshBuilder.cpp">
      <Filter>Source Files\Helpers</Filter>
    </ClCompile>
    <ClCompile Include="..\..\src\Rendering\GL\GLDriver.cpp">
      <Filter>Source Files\Rendering\GL</Filter>
    </ClCompile>
    <ClCompile Include="..\..\src\Rendering\GL\GLSLProgram.cpp">
      <Filter>Source Files\Rendering\GL</Filter>
    </ClCompile>
    <ClCompile Include="..\..\src\Rendering\GL\GLVertexBuffer.cpp">
      <Filter>Source Files\Rendering\GL</Filter>
    </ClCompile>
  </ItemGroup>
</Project>